
Microsoft Visual Studio Solution File, Format Version 12.00
# Visual Studio Version 17
VisualStudioVersion = 17.1.32421.90
MinimumVisualStudioVersion = 10.0.40219.1
Project("{FAE04EC0-301F-11D3-BF4B-00C04F79EFBC}") = "AnhTester_HRM_Spec", "AnhTester_HRM_Spec\AnhTester_HRM_Spec.csproj", "{20F7F5AE-FECE-4E84-B617-31103B069573}"
EndProject
Global
	GlobalSection(SolutionConfigurationPlatforms) = preSolution
		Debug|Any CPU = Debug|Any CPU
		Release|Any CPU = Release|Any CPU
	EndGlobalSection
	GlobalSection(ProjectConfigurationPlatforms) = postSolution
		{20F7F5AE-FECE-4E84-B617-31103B069573}.Debug|Any CPU.ActiveCfg = Debug|Any CPU
		{20F7F5AE-FECE-4E84-B617-31103B069573}.Debug|Any CPU.Build.0 = Debug|Any CPU
		{20F7F5AE-FECE-4E84-B617-31103B069573}.Release|Any CPU.ActiveCfg = Release|Any CPU
		{20F7F5AE-FECE-4E84-B617-31103B069573}.Release|Any CPU.Build.0 = Release|Any CPU
	EndGlobalSection
	GlobalSection(SolutionProperties) = preSolution
		HideSolutionNode = FALSE
	EndGlobalSection
	GlobalSection(ExtensibilityGlobals) = postSolution
		SolutionGuid = {D046D6D0-9FE9-4C1C-97F6-34779566F5A2}
	EndGlobalSection
EndGlobal
